
Microsoft Visual Studio Solution File, Format Version 12.00
# Visual Studio Version 16
VisualStudioVersion = 16.0.30907.101
MinimumVisualStudioVersion = 10.0.40219.1
Project("{FAE04EC0-301F-11D3-BF4B-00C04F79EFBC}") = "IStore.Web", "IStore.Web\IStore.Web.csproj", "{FEDAB489-F9F7-4CC2-BCB3-5B135AA4B31E}"
EndProject
Project("{FAE04EC0-301F-11D3-BF4B-00C04F79EFBC}") = "ISTore.Entity", "ISTore.Entity\ISTore.Entity.csproj", "{6CC17429-7694-485F-9F0A-A4B0F8DC3CFF}"
EndProject
Project("{FAE04EC0-301F-11D3-BF4B-00C04F79EFBC}") = "IStore.Database", "IStore.Database\IStore.Database.csproj", "{B34AEA20-0CD2-4D06-8B8D-78F01402FC66}"
EndProject
Global
	GlobalSection(SolutionConfigurationPlatforms) = preSolution
		Debug|Any CPU = Debug|Any CPU
		Release|Any CPU = Release|Any CPU
	EndGlobalSection
	GlobalSection(ProjectConfigurationPlatforms) = postSolution
		{FEDAB489-F9F7-4CC2-BCB3-5B135AA4B31E}.Debug|Any CPU.ActiveCfg = Debug|Any CPU
		{FEDAB489-F9F7-4CC2-BCB3-5B135AA4B31E}.Debug|Any CPU.Build.0 = Debug|Any CPU
		{FEDAB489-F9F7-4CC2-BCB3-5B135AA4B31E}.Release|Any CPU.ActiveCfg = Release|Any CPU
		{FEDAB489-F9F7-4CC2-BCB3-5B135AA4B31E}.Release|Any CPU.Build.0 = Release|Any CPU
		{6CC17429-7694-485F-9F0A-A4B0F8DC3CFF}.Debug|Any CPU.ActiveCfg = Debug|Any CPU
		{6CC17429-7694-485F-9F0A-A4B0F8DC3CFF}.Debug|Any CPU.Build.0 = Debug|Any CPU
		{6CC17429-7694-485F-9F0A-A4B0F8DC3CFF}.Release|Any CPU.ActiveCfg = Release|Any CPU
		{6CC17429-7694-485F-9F0A-A4B0F8DC3CFF}.Release|Any CPU.Build.0 = Release|Any CPU
		{B34AEA20-0CD2-4D06-8B8D-78F01402FC66}.Debug|Any CPU.ActiveCfg = Debug|Any CPU
		{B34AEA20-0CD2-4D06-8B8D-78F01402FC66}.Debug|Any CPU.Build.0 = Debug|Any CPU
		{B34AEA20-0CD2-4D06-8B8D-78F01402FC66}.Release|Any CPU.ActiveCfg = Release|Any CPU
		{B34AEA20-0CD2-4D06-8B8D-78F01402FC66}.Release|Any CPU.Build.0 = Release|Any CPU
	EndGlobalSection
	GlobalSection(SolutionProperties) = preSolution
		HideSolutionNode = FALSE
	EndGlobalSection
	GlobalSection(ExtensibilityGlobals) = postSolution
		SolutionGuid = {37C014D4-E0F0-4E31-882E-BA42CF24EC25}
	EndGlobalSection
EndGlobal
